
Microsoft Visual Studio Solution File, Format Version 12.00
# Visual Studio Version 16
VisualStudioVersion = 16.0.31005.135
MinimumVisualStudioVersion = 10.0.40219.1
Project("{FAE04EC0-301F-11D3-BF4B-00C04F79EFBC}") = "Binary Tree DS and Basic Operations", "Binary Tree DS and Basic Operations.csproj", "{22685528-904B-402C-B859-49BD621BBCC3}"
EndProject
Global
	GlobalSection(SolutionConfigurationPlatforms) = preSolution
		Debug|Any CPU = Debug|Any CPU
		Release|Any CPU = Release|Any CPU
	EndGlobalSection
	GlobalSection(ProjectConfigurationPlatforms) = postSolution
		{22685528-904B-402C-B859-49BD621BBCC3}.Debug|Any CPU.ActiveCfg = Debug|Any CPU
		{22685528-904B-402C-B859-49BD621BBCC3}.Debug|Any CPU.Build.0 = Debug|Any CPU
		{22685528-904B-402C-B859-49BD621BBCC3}.Release|Any CPU.ActiveCfg = Release|Any CPU
		{22685528-904B-402C-B859-49BD621BBCC3}.Release|Any CPU.Build.0 = Release|Any CPU
	EndGlobalSection
	GlobalSection(SolutionProperties) = preSolution
		HideSolutionNode = FALSE
	EndGlobalSection
	GlobalSection(ExtensibilityGlobals) = postSolution
		SolutionGuid = {9769B0A4-69BB-49B7-99AE-C1FC65DB7139}
	EndGlobalSection
EndGlobal
